
Microsoft Visual Studio Solution File, Format Version 12.00
# Visual Studio Version 16
VisualStudioVersion = 16.0.33328.57
MinimumVisualStudioVersion = 10.0.40219.1
Project("{FAE04EC0-301F-11D3-BF4B-00C04F79EFBC}") = "UniversityCatolic", "UniversityCatolic\UniversityCatolic.csproj", "{893016F7-69D7-4363-BD05-A709310F7505}"
EndProject
Global
	GlobalSection(SolutionConfigurationPlatforms) = preSolution
		Debug|Any CPU = Debug|Any CPU
		Release|Any CPU = Release|Any CPU
	EndGlobalSection
	GlobalSection(ProjectConfigurationPlatforms) = postSolution
		{893016F7-69D7-4363-BD05-A709310F7505}.Debug|Any CPU.ActiveCfg = Debug|Any CPU
		{893016F7-69D7-4363-BD05-A709310F7505}.Debug|Any CPU.Build.0 = Debug|Any CPU
		{893016F7-69D7-4363-BD05-A709310F7505}.Release|Any CPU.ActiveCfg = Release|Any CPU
		{893016F7-69D7-4363-BD05-A709310F7505}.Release|Any CPU.Build.0 = Release|Any CPU
	EndGlobalSection
	GlobalSection(SolutionProperties) = preSolution
		HideSolutionNode = FALSE
	EndGlobalSection
	GlobalSection(ExtensibilityGlobals) = postSolution
		SolutionGuid = {2B610376-0334-43DD-814C-E6562697C2A7}
	EndGlobalSection
EndGlobal
